
Microsoft Visual Studio Solution File, Format Version 12.00
# Visual Studio Version 16
VisualStudioVersion = 16.0.30907.101
MinimumVisualStudioVersion = 10.0.40219.1
Project("{FAE04EC0-301F-11D3-BF4B-00C04F79EFBC}") = "TaskApp", "TaskApp.csproj", "{366426BC-9F14-4DED-AD7F-7462370F9E36}"
EndProject
Global
	GlobalSection(SolutionConfigurationPlatforms) = preSolution
		Debug|Any CPU = Debug|Any CPU
		Release|Any CPU = Release|Any CPU
	EndGlobalSection
	GlobalSection(ProjectConfigurationPlatforms) = postSolution
		{366426BC-9F14-4DED-AD7F-7462370F9E36}.Debug|Any CPU.ActiveCfg = Debug|Any CPU
		{366426BC-9F14-4DED-AD7F-7462370F9E36}.Debug|Any CPU.Build.0 = Debug|Any CPU
		{366426BC-9F14-4DED-AD7F-7462370F9E36}.Release|Any CPU.ActiveCfg = Release|Any CPU
		{366426BC-9F14-4DED-AD7F-7462370F9E36}.Release|Any CPU.Build.0 = Release|Any CPU
	EndGlobalSection
	GlobalSection(SolutionProperties) = preSolution
		HideSolutionNode = FALSE
	EndGlobalSection
	GlobalSection(ExtensibilityGlobals) = postSolution
		SolutionGuid = {C71E9C3E-B0CF-4A0A-B91E-E40795821AD0}
	EndGlobalSection
EndGlobal
